// !$*UTF8*$!
{
	archiveVersion = 1;
	classes = {
	};
	objectVersion = 56;
	objects = {

/* Begin PBXBuildFile section */
		1B1D48BE2BA2C5550086181A /* ProductTableViewCell.swift in Sources */ = {isa = PBXBuildFile; fileRef = 1B1D48BD2BA2C5550086181A /* ProductTableViewCell.swift */; };
		1B1D48C22BA2C7CA0086181A /* CartTableVC.swift in Sources */ = {isa = PBXBuildFile; fileRef = 1B1D48C12BA2C7CA0086181A /* CartTableVC.swift */; };
		1B557C4E2B964DD100AD03FB /* AuthenticationModel.swift in Sources */ = {isa = PBXBuildFile; fileRef = 1B557C4D2B964DD100AD03FB /* AuthenticationModel.swift */; };
		1B71F1972B9651DB0046DCB2 /* GoogleService-Info.plist in Resources */ = {isa = PBXBuildFile; fileRef = 1B71F1962B9651DB0046DCB2 /* GoogleService-Info.plist */; };
		1B81D9332B98042000D35F00 /* CreateAccountVC.swift in Sources */ = {isa = PBXBuildFile; fileRef = 1B81D9322B98042000D35F00 /* CreateAccountVC.swift */; };
		1B81D9352B980B9D00D35F00 /* ResetPasswordVC.swift in Sources */ = {isa = PBXBuildFile; fileRef = 1B81D9342B980B9D00D35F00 /* ResetPasswordVC.swift */; };
		1B9BE6722B716C4100EA92A5 /* AppDelegate.swift in Sources */ = {isa = PBXBuildFile; fileRef = 1B9BE6712B716C4100EA92A5 /* AppDelegate.swift */; };
		1B9BE6742B716C4100EA92A5 /* SceneDelegate.swift in Sources */ = {isa = PBXBuildFile; fileRef = 1B9BE6732B716C4100EA92A5 /* SceneDelegate.swift */; };
		1B9BE6792B716C4100EA92A5 /* Main.storyboard in Resources */ = {isa = PBXBuildFile; fileRef = 1B9BE6772B716C4100EA92A5 /* Main.storyboard */; };
		1B9BE67B2B716C4800EA92A5 /* Assets.xcassets in Resources */ = {isa = PBXBuildFile; fileRef = 1B9BE67A2B716C4800EA92A5 /* Assets.xcassets */; };
		1B9BE67E2B716C4800EA92A5 /* LaunchScreen.storyboard in Resources */ = {isa = PBXBuildFile; fileRef = 1B9BE67C2B716C4800EA92A5 /* LaunchScreen.storyboard */; };
		1BA3802B2B7E73C900F89CD0 /* LoginVC.swift in Sources */ = {isa = PBXBuildFile; fileRef = 1BA3802A2B7E73C900F89CD0 /* LoginVC.swift */; };
		1BAE3A762B71849F005C9716 /* Model.swift in Sources */ = {isa = PBXBuildFile; fileRef = 1BAE3A752B71849F005C9716 /* Model.swift */; };
		1BDE605B2B98E91400020678 /* ProductsVC.swift in Sources */ = {isa = PBXBuildFile; fileRef = 1BDE605A2B98E91400020678 /* ProductsVC.swift */; };
		1BE5F2642B741C5E00D6019A /* ProductView.xib in Resources */ = {isa = PBXBuildFile; fileRef = 1BE5F2632B741C5E00D6019A /* ProductView.xib */; };
		1BE5F2682B74206900D6019A /* ProductView.swift in Sources */ = {isa = PBXBuildFile; fileRef = 1BE5F2672B74206900D6019A /* ProductView.swift */; };
		BDF781642B9C409200E06A45 /* Alamofire in Frameworks */ = {isa = PBXBuildFile; productRef = BDF781632B9C409200E06A45 /* Alamofire */; };
		BDF781662B9C409200E06A45 /* AlamofireDynamic in Frameworks */ = {isa = PBXBuildFile; productRef = BDF781652B9C409200E06A45 /* AlamofireDynamic */; };
		BDF781692B9C40F600E06A45 /* Lottie in Frameworks */ = {isa = PBXBuildFile; productRef = BDF781682B9C40F600E06A45 /* Lottie */; };
		BDF7816C2B9C415D00E06A45 /* FirebaseAnalytics in Frameworks */ = {isa = PBXBuildFile; productRef = BDF7816B2B9C415D00E06A45 /* FirebaseAnalytics */; };
		BDF7816E2B9C415D00E06A45 /* FirebaseAnalyticsOnDeviceConversion in Frameworks */ = {isa = PBXBuildFile; productRef = BDF7816D2B9C415D00E06A45 /* FirebaseAnalyticsOnDeviceConversion */; };
		BDF781702B9C415D00E06A45 /* FirebaseAnalyticsSwift in Frameworks */ = {isa = PBXBuildFile; productRef = BDF7816F2B9C415D00E06A45 /* FirebaseAnalyticsSwift */; };
		BDF781722B9C415D00E06A45 /* FirebaseAnalyticsWithoutAdIdSupport in Frameworks */ = {isa = PBXBuildFile; productRef = BDF781712B9C415D00E06A45 /* FirebaseAnalyticsWithoutAdIdSupport */; };
		BDF781742B9C415D00E06A45 /* FirebaseAppCheck in Frameworks */ = {isa = PBXBuildFile; productRef = BDF781732B9C415D00E06A45 /* FirebaseAppCheck */; };
		BDF781762B9C415D00E06A45 /* FirebaseAppDistribution-Beta in Frameworks */ = {isa = PBXBuildFile; productRef = BDF781752B9C415D00E06A45 /* FirebaseAppDistribution-Beta */; };
		BDF781782B9C415D00E06A45 /* FirebaseAuth in Frameworks */ = {isa = PBXBuildFile; productRef = BDF781772B9C415D00E06A45 /* FirebaseAuth */; };
		BDF7817A2B9C415D00E06A45 /* FirebaseAuthCombine-Community in Frameworks */ = {isa = PBXBuildFile; productRef = BDF781792B9C415D00E06A45 /* FirebaseAuthCombine-Community */; };
		BDF7817C2B9C415D00E06A45 /* FirebaseCrashlytics in Frameworks */ = {isa = PBXBuildFile; productRef = BDF7817B2B9C415D00E06A45 /* FirebaseCrashlytics */; };
		BDF7817E2B9C415D00E06A45 /* FirebaseDatabase in Frameworks */ = {isa = PBXBuildFile; productRef = BDF7817D2B9C415D00E06A45 /* FirebaseDatabase */; };
		BDF781802B9C415D00E06A45 /* FirebaseDatabaseSwift in Frameworks */ = {isa = PBXBuildFile; productRef = BDF7817F2B9C415D00E06A45 /* FirebaseDatabaseSwift */; };
		BDF781822B9C415D00E06A45 /* FirebaseDynamicLinks in Frameworks */ = {isa = PBXBuildFile; productRef = BDF781812B9C415D00E06A45 /* FirebaseDynamicLinks */; };
		BDF781842B9C415D00E06A45 /* FirebaseFirestore in Frameworks */ = {isa = PBXBuildFile; productRef = BDF781832B9C415D00E06A45 /* FirebaseFirestore */; };
		BDF781862B9C415D00E06A45 /* FirebaseFirestoreCombine-Community in Frameworks */ = {isa = PBXBuildFile; productRef = BDF781852B9C415D00E06A45 /* FirebaseFirestoreCombine-Community */; };
		BDF781882B9C415D00E06A45 /* FirebaseFirestoreSwift in Frameworks */ = {isa = PBXBuildFile; productRef = BDF781872B9C415D00E06A45 /* FirebaseFirestoreSwift */; };
		BDF7818A2B9C415D00E06A45 /* FirebaseFunctions in Frameworks */ = {isa = PBXBuildFile; productRef = BDF781892B9C415D00E06A45 /* FirebaseFunctions */; };
		BDF7818C2B9C415D00E06A45 /* FirebaseFunctionsCombine-Community in Frameworks */ = {isa = PBXBuildFile; productRef = BDF7818B2B9C415D00E06A45 /* FirebaseFunctionsCombine-Community */; };
		BDF7818E2B9C415D00E06A45 /* FirebaseInAppMessaging-Beta in Frameworks */ = {isa = PBXBuildFile; productRef = BDF7818D2B9C415D00E06A45 /* FirebaseInAppMessaging-Beta */; };
		BDF781902B9C415D00E06A45 /* FirebaseInAppMessagingSwift-Beta in Frameworks */ = {isa = PBXBuildFile; productRef = BDF7818F2B9C415D00E06A45 /* FirebaseInAppMessagingSwift-Beta */; };
		BDF781922B9C415D00E06A45 /* FirebaseInstallations in Frameworks */ = {isa = PBXBuildFile; productRef = BDF781912B9C415D00E06A45 /* FirebaseInstallations */; };
		BDF781942B9C415D00E06A45 /* FirebaseMLModelDownloader in Frameworks */ = {isa = PBXBuildFile; productRef = BDF781932B9C415D00E06A45 /* FirebaseMLModelDownloader */; };
		BDF781962B9C415D00E06A45 /* FirebaseMessaging in Frameworks */ = {isa = PBXBuildFile; productRef = BDF781952B9C415D00E06A45 /* FirebaseMessaging */; };
		BDF781982B9C415D00E06A45 /* FirebasePerformance in Frameworks */ = {isa = PBXBuildFile; productRef = BDF781972B9C415D00E06A45 /* FirebasePerformance */; };
		BDF7819A2B9C415D00E06A45 /* FirebaseRemoteConfig in Frameworks */ = {isa = PBXBuildFile; productRef = BDF781992B9C415D00E06A45 /* FirebaseRemoteConfig */; };
		BDF7819C2B9C415D00E06A45 /* FirebaseRemoteConfigSwift in Frameworks */ = {isa = PBXBuildFile; productRef = BDF7819B2B9C415D00E06A45 /* FirebaseRemoteConfigSwift */; };
		BDF7819E2B9C415D00E06A45 /* FirebaseStorage in Frameworks */ = {isa = PBXBuildFile; productRef = BDF7819D2B9C415D00E06A45 /* FirebaseStorage */; };
		BDF781A02B9C415D00E06A45 /* FirebaseStorageCombine-Community in Frameworks */ = {isa = PBXBuildFile; productRef = BDF7819F2B9C415D00E06A45 /* FirebaseStorageCombine-Community */; };
		BDF781A32B9C418600E06A45 /* SDWebImageSwiftUI in Frameworks */ = {isa = PBXBuildFile; productRef = BDF781A22B9C418600E06A45 /* SDWebImageSwiftUI */; };
		BDF781A52B9C43B900E06A45 /* ProductDetailsVC.swift in Sources */ = {isa = PBXBuildFile; fileRef = BDF781A42B9C43B900E06A45 /* ProductDetailsVC.swift */; };
/* End PBXBuildFile section */

/* Begin PBXFileReference section */
		1B1D48BD2BA2C5550086181A /* ProductTableViewCell.swift */ = {isa = PBXFileReference; lastKnownFileType = sourcecode.swift; name = ProductTableViewCell.swift; path = Shopcy/ProductTableViewCell.swift; sourceTree = SOURCE_ROOT; };
		1B1D48C12BA2C7CA0086181A /* CartTableVC.swift */ = {isa = PBXFileReference; lastKnownFileType = sourcecode.swift; path = CartTableVC.swift; sourceTree = "<group>"; };
		1B557C4D2B964DD100AD03FB /* AuthenticationModel.swift */ = {isa = PBXFileReference; lastKnownFileType = sourcecode.swift; path = AuthenticationModel.swift; sourceTree = "<group>"; };
		1B6A7D112B982AFE003F44BD /* Shopcy.app */ = {isa = PBXFileReference; explicitFileType = wrapper.application; includeInIndex = 0; path = Shopcy.app; sourceTree = BUILT_PRODUCTS_DIR; };
		1B71F1962B9651DB0046DCB2 /* GoogleService-Info.plist */ = {isa = PBXFileReference; fileEncoding = 4; lastKnownFileType = text.plist.xml; path = "GoogleService-Info.plist"; sourceTree = "<group>"; };
		1B81D9322B98042000D35F00 /* CreateAccountVC.swift */ = {isa = PBXFileReference; lastKnownFileType = sourcecode.swift; path = CreateAccountVC.swift; sourceTree = "<group>"; };
		1B81D9342B980B9D00D35F00 /* ResetPasswordVC.swift */ = {isa = PBXFileReference; lastKnownFileType = sourcecode.swift; path = ResetPasswordVC.swift; sourceTree = "<group>"; };
		1B9BE6712B716C4100EA92A5 /* AppDelegate.swift */ = {isa = PBXFileReference; lastKnownFileType = sourcecode.swift; path = AppDelegate.swift; sourceTree = "<group>"; };
		1B9BE6732B716C4100EA92A5 /* SceneDelegate.swift */ = {isa = PBXFileReference; lastKnownFileType = sourcecode.swift; path = SceneDelegate.swift; sourceTree = "<group>"; };
		1B9BE6782B716C4100EA92A5 /* Base */ = {isa = PBXFileReference; lastKnownFileType = file.storyboard; name = Base; path = Base.lproj/Main.storyboard; sourceTree = "<group>"; };
		1B9BE67A2B716C4800EA92A5 /* Assets.xcassets */ = {isa = PBXFileReference; lastKnownFileType = folder.assetcatalog; path = Assets.xcassets; sourceTree = "<group>"; };
		1B9BE67D2B716C4800EA92A5 /* Base */ = {isa = PBXFileReference; lastKnownFileType = file.storyboard; name = Base; path = Base.lproj/LaunchScreen.storyboard; sourceTree = "<group>"; };
		1B9BE67F2B716C4800EA92A5 /* Info.plist */ = {isa = PBXFileReference; lastKnownFileType = text.plist.xml; path = Info.plist; sourceTree = "<group>"; };
		1BA3802A2B7E73C900F89CD0 /* LoginVC.swift */ = {isa = PBXFileReference; lastKnownFileType = sourcecode.swift; path = LoginVC.swift; sourceTree = "<group>"; };
		1BAE3A752B71849F005C9716 /* Model.swift */ = {isa = PBXFileReference; lastKnownFileType = sourcecode.swift; path = Model.swift; sourceTree = "<group>"; };
		1BDE605A2B98E91400020678 /* ProductsVC.swift */ = {isa = PBXFileReference; lastKnownFileType = sourcecode.swift; path = ProductsVC.swift; sourceTree = "<group>"; };
		1BE5F2632B741C5E00D6019A /* ProductView.xib */ = {isa = PBXFileReference; lastKnownFileType = file.xib; path = ProductView.xib; sourceTree = "<group>"; };
		1BE5F2672B74206900D6019A /* ProductView.swift */ = {isa = PBXFileReference; lastKnownFileType = sourcecode.swift; path = ProductView.swift; sourceTree = "<group>"; };
		BDF781A42B9C43B900E06A45 /* ProductDetailsVC.swift */ = {isa = PBXFileReference; lastKnownFileType = sourcecode.swift; name = ProductDetailsVC.swift; path = Shopcy/Controllers/ProductDetailsVC.swift; sourceTree = SOURCE_ROOT; };
/* End PBXFileReference section */

/* Begin PBXFrameworksBuildPhase section */
		1B9BE66B2B716C4100EA92A5 /* Frameworks */ = {
			isa = PBXFrameworksBuildPhase;
			buildActionMask = 2147483647;
			files = (
				BDF781902B9C415D00E06A45 /* FirebaseInAppMessagingSwift-Beta in Frameworks */,
				BDF781802B9C415D00E06A45 /* FirebaseDatabaseSwift in Frameworks */,
				BDF7817E2B9C415D00E06A45 /* FirebaseDatabase in Frameworks */,
				BDF781942B9C415D00E06A45 /* FirebaseMLModelDownloader in Frameworks */,
				BDF781742B9C415D00E06A45 /* FirebaseAppCheck in Frameworks */,
				BDF7818C2B9C415D00E06A45 /* FirebaseFunctionsCombine-Community in Frameworks */,
				BDF781922B9C415D00E06A45 /* FirebaseInstallations in Frameworks */,
				BDF781962B9C415D00E06A45 /* FirebaseMessaging in Frameworks */,
				BDF781782B9C415D00E06A45 /* FirebaseAuth in Frameworks */,
				BDF7819A2B9C415D00E06A45 /* FirebaseRemoteConfig in Frameworks */,
				BDF781702B9C415D00E06A45 /* FirebaseAnalyticsSwift in Frameworks */,
				BDF7819E2B9C415D00E06A45 /* FirebaseStorage in Frameworks */,
				BDF781982B9C415D00E06A45 /* FirebasePerformance in Frameworks */,
				BDF781842B9C415D00E06A45 /* FirebaseFirestore in Frameworks */,
				BDF781A32B9C418600E06A45 /* SDWebImageSwiftUI in Frameworks */,
				BDF781642B9C409200E06A45 /* Alamofire in Frameworks */,
				BDF7818E2B9C415D00E06A45 /* FirebaseInAppMessaging-Beta in Frameworks */,
				BDF781662B9C409200E06A45 /* AlamofireDynamic in Frameworks */,
				BDF7816E2B9C415D00E06A45 /* FirebaseAnalyticsOnDeviceConversion in Frameworks */,
				BDF7819C2B9C415D00E06A45 /* FirebaseRemoteConfigSwift in Frameworks */,
				BDF7817A2B9C415D00E06A45 /* FirebaseAuthCombine-Community in Frameworks */,
				BDF7818A2B9C415D00E06A45 /* FirebaseFunctions in Frameworks */,
				BDF781722B9C415D00E06A45 /* FirebaseAnalyticsWithoutAdIdSupport in Frameworks */,
				BDF781A02B9C415D00E06A45 /* FirebaseStorageCombine-Community in Frameworks */,
				BDF781862B9C415D00E06A45 /* FirebaseFirestoreCombine-Community in Frameworks */,
				BDF7816C2B9C415D00E06A45 /* FirebaseAnalytics in Frameworks */,
				BDF7817C2B9C415D00E06A45 /* FirebaseCrashlytics in Frameworks */,
				BDF781692B9C40F600E06A45 /* Lottie in Frameworks */,
				BDF781762B9C415D00E06A45 /* FirebaseAppDistribution-Beta in Frameworks */,
				BDF781822B9C415D00E06A45 /* FirebaseDynamicLinks in Frameworks */,
				BDF781882B9C415D00E06A45 /* FirebaseFirestoreSwift in Frameworks */,
			);
			runOnlyForDeploymentPostprocessing = 0;
		};
/* End PBXFrameworksBuildPhase section */

/* Begin PBXGroup section */
		1B71F1CF2B9652B00046DCB2 /* Models */ = {
			isa = PBXGroup;
			children = (
				1BAE3A752B71849F005C9716 /* Model.swift */,
				1B557C4D2B964DD100AD03FB /* AuthenticationModel.swift */,
			);
			path = Models;
			sourceTree = "<group>";
		};
		1B71F1D02B9652D60046DCB2 /* Views */ = {
			isa = PBXGroup;
			children = (
				1B9BE67C2B716C4800EA92A5 /* LaunchScreen.storyboard */,
				1B9BE6772B716C4100EA92A5 /* Main.storyboard */,
				1BE5F2692B7429ED00D6019A /* Custom View */,
			);
			path = Views;
			sourceTree = "<group>";
		};
		1B9BE6652B716C4100EA92A5 = {
			isa = PBXGroup;
			children = (
				1B9BE6702B716C4100EA92A5 /* Shopcy */,
				1B6A7D112B982AFE003F44BD /* Shopcy.app */,
			);
			sourceTree = "<group>";
		};
		1B9BE6702B716C4100EA92A5 /* Shopcy */ = {
			isa = PBXGroup;
			children = (
				1B9BE6852B71726200EA92A5 /* Supporting Files */,
				1B71F1CF2B9652B00046DCB2 /* Models */,
				1B71F1D02B9652D60046DCB2 /* Views */,
				1BA3802C2B7E73D400F89CD0 /* Controllers */,
				1B1D48BD2BA2C5550086181A /* ProductTableViewCell.swift */,
				1B9BE67A2B716C4800EA92A5 /* Assets.xcassets */,
				1B9BE67F2B716C4800EA92A5 /* Info.plist */,
				1B71F1962B9651DB0046DCB2 /* GoogleService-Info.plist */,
			);
			path = Shopcy;
			sourceTree = "<group>";
		};
		1B9BE6852B71726200EA92A5 /* Supporting Files */ = {
			isa = PBXGroup;
			children = (
				1B9BE6712B716C4100EA92A5 /* AppDelegate.swift */,
				1B9BE6732B716C4100EA92A5 /* SceneDelegate.swift */,
			);
			path = "Supporting Files";
			sourceTree = "<group>";
		};
		1BA3802C2B7E73D400F89CD0 /* Controllers */ = {
			isa = PBXGroup;
			children = (
				1B1D48C12BA2C7CA0086181A /* CartTableVC.swift */,
				BDF781A42B9C43B900E06A45 /* ProductDetailsVC.swift */,
				1BA3802A2B7E73C900F89CD0 /* LoginVC.swift */,
				1BDE605A2B98E91400020678 /* ProductsVC.swift */,
				1B81D9322B98042000D35F00 /* CreateAccountVC.swift */,
				1B81D9342B980B9D00D35F00 /* ResetPasswordVC.swift */,
			);
			path = Controllers;
			sourceTree = "<group>";
		};
		1BE5F2692B7429ED00D6019A /* Custom View */ = {
			isa = PBXGroup;
			children = (
				1BE5F2632B741C5E00D6019A /* ProductView.xib */,
				1BE5F2672B74206900D6019A /* ProductView.swift */,
			);
			path = "Custom View";
			sourceTree = "<group>";
		};
/* End PBXGroup section */

/* Begin PBXNativeTarget section */
		1B9BE66D2B716C4100EA92A5 /* Shopcy */ = {
			isa = PBXNativeTarget;
			buildConfigurationList = 1B9BE6822B716C4800EA92A5 /* Build configuration list for PBXNativeTarget "Shopcy" */;
			buildPhases = (
				1B9BE66A2B716C4100EA92A5 /* Sources */,
				1B9BE66B2B716C4100EA92A5 /* Frameworks */,
				1B9BE66C2B716C4100EA92A5 /* Resources */,
			);
			buildRules = (
			);
			dependencies = (
			);
			name = Shopcy;
			packageProductDependencies = (
				BDF781632B9C409200E06A45 /* Alamofire */,
				BDF781652B9C409200E06A45 /* AlamofireDynamic */,
				BDF781682B9C40F600E06A45 /* Lottie */,
				BDF7816B2B9C415D00E06A45 /* FirebaseAnalytics */,
				BDF7816D2B9C415D00E06A45 /* FirebaseAnalyticsOnDeviceConversion */,
				BDF7816F2B9C415D00E06A45 /* FirebaseAnalyticsSwift */,
				BDF781712B9C415D00E06A45 /* FirebaseAnalyticsWithoutAdIdSupport */,
				BDF781732B9C415D00E06A45 /* FirebaseAppCheck */,
				BDF781752B9C415D00E06A45 /* FirebaseAppDistribution-Beta */,
				BDF781772B9C415D00E06A45 /* FirebaseAuth */,
				BDF781792B9C415D00E06A45 /* FirebaseAuthCombine-Community */,
				BDF7817B2B9C415D00E06A45 /* FirebaseCrashlytics */,
				BDF7817D2B9C415D00E06A45 /* FirebaseDatabase */,
				BDF7817F2B9C415D00E06A45 /* FirebaseDatabaseSwift */,
				BDF781812B9C415D00E06A45 /* FirebaseDynamicLinks */,
				BDF781832B9C415D00E06A45 /* FirebaseFirestore */,
				BDF781852B9C415D00E06A45 /* FirebaseFirestoreCombine-Community */,
				BDF781872B9C415D00E06A45 /* FirebaseFirestoreSwift */,
				BDF781892B9C415D00E06A45 /* FirebaseFunctions */,
				BDF7818B2B9C415D00E06A45 /* FirebaseFunctionsCombine-Community */,
				BDF7818D2B9C415D00E06A45 /* FirebaseInAppMessaging-Beta */,
				BDF7818F2B9C415D00E06A45 /* FirebaseInAppMessagingSwift-Beta */,
				BDF781912B9C415D00E06A45 /* FirebaseInstallations */,
				BDF781932B9C415D00E06A45 /* FirebaseMLModelDownloader */,
				BDF781952B9C415D00E06A45 /* FirebaseMessaging */,
				BDF781972B9C415D00E06A45 /* FirebasePerformance */,
				BDF781992B9C415D00E06A45 /* FirebaseRemoteConfig */,
				BDF7819B2B9C415D00E06A45 /* FirebaseRemoteConfigSwift */,
				BDF7819D2B9C415D00E06A45 /* FirebaseStorage */,
				BDF7819F2B9C415D00E06A45 /* FirebaseStorageCombine-Community */,
				BDF781A22B9C418600E06A45 /* SDWebImageSwiftUI */,
			);
			productName = Shopcy;
			productReference = 1B6A7D112B982AFE003F44BD /* Shopcy.app */;
			productType = "com.apple.product-type.application";
		};
/* End PBXNativeTarget section */

/* Begin PBXProject section */
		1B9BE6662B716C4100EA92A5 /* Project object */ = {
			isa = PBXProject;
			attributes = {
				BuildIndependentTargetsInParallel = 1;
				LastSwiftUpdateCheck = 1520;
				LastUpgradeCheck = 1520;
				TargetAttributes = {
					1B9BE66D2B716C4100EA92A5 = {
						CreatedOnToolsVersion = 15.2;
					};
				};
			};
			buildConfigurationList = 1B9BE6692B716C4100EA92A5 /* Build configuration list for PBXProject "Shopcy" */;
			compatibilityVersion = "Xcode 14.0";
			developmentRegion = en;
			hasScannedForEncodings = 0;
			knownRegions = (
				en,
				Base,
			);
			mainGroup = 1B9BE6652B716C4100EA92A5;
			packageReferences = (
				BDF781622B9C409200E06A45 /* XCRemoteSwiftPackageReference "Alamofire" */,
				BDF781672B9C40F600E06A45 /* XCRemoteSwiftPackageReference "lottie-ios" */,
				BDF7816A2B9C415D00E06A45 /* XCRemoteSwiftPackageReference "firebase-ios-sdk" */,
				BDF781A12B9C418600E06A45 /* XCRemoteSwiftPackageReference "SDWebImageSwiftUI" */,
			);
			productRefGroup = 1B9BE6652B716C4100EA92A5;
			projectDirPath = "";
			projectRoot = "";
			targets = (
				1B9BE66D2B716C4100EA92A5 /* Shopcy */,
			);
		};
/* End PBXProject section */

/* Begin PBXResourcesBuildPhase section */
		1B9BE66C2B716C4100EA92A5 /* Resources */ = {
			isa = PBXResourcesBuildPhase;
			buildActionMask = 2147483647;
			files = (
				1B9BE67E2B716C4800EA92A5 /* LaunchScreen.storyboard in Resources */,
				1BE5F2642B741C5E00D6019A /* ProductView.xib in Resources */,
				1B71F1972B9651DB0046DCB2 /* GoogleService-Info.plist in Resources */,
				1B9BE67B2B716C4800EA92A5 /* Assets.xcassets in Resources */,
				1B9BE6792B716C4100EA92A5 /* Main.storyboard in Resources */,
			);
			runOnlyForDeploymentPostprocessing = 0;
		};
/* End PBXResourcesBuildPhase section */

/* Begin PBXSourcesBuildPhase section */
		1B9BE66A2B716C4100EA92A5 /* Sources */ = {
			isa = PBXSourcesBuildPhase;
			buildActionMask = 2147483647;
			files = (
				1B9BE6722B716C4100EA92A5 /* AppDelegate.swift in Sources */,
				1B81D9332B98042000D35F00 /* CreateAccountVC.swift in Sources */,
				1BA3802B2B7E73C900F89CD0 /* LoginVC.swift in Sources */,
				1BE5F2682B74206900D6019A /* ProductView.swift in Sources */,
				1B1D48BE2BA2C5550086181A /* ProductTableViewCell.swift in Sources */,
				1B81D9352B980B9D00D35F00 /* ResetPasswordVC.swift in Sources */,
				1B9BE6742B716C4100EA92A5 /* SceneDelegate.swift in Sources */,
				1B557C4E2B964DD100AD03FB /* AuthenticationModel.swift in Sources */,
				BDF781A52B9C43B900E06A45 /* ProductDetailsVC.swift in Sources */,
				1BAE3A762B71849F005C9716 /* Model.swift in Sources */,
				1BDE605B2B98E91400020678 /* ProductsVC.swift in Sources */,
				1B1D48C22BA2C7CA0086181A /* CartTableVC.swift in Sources */,
			);
			runOnlyForDeploymentPostprocessing = 0;
		};
/* End PBXSourcesBuildPhase section */

/* Begin PBXVariantGroup section */
		1B9BE6772B716C4100EA92A5 /* Main.storyboard */ = {
			isa = PBXVariantGroup;
			children = (
				1B9BE6782B716C4100EA92A5 /* Base */,
			);
			name = Main.storyboard;
			sourceTree = "<group>";
		};
		1B9BE67C2B716C4800EA92A5 /* LaunchScreen.storyboard */ = {
			isa = PBXVariantGroup;
			children = (
				1B9BE67D2B716C4800EA92A5 /* Base */,
			);
			name = LaunchScreen.storyboard;
			sourceTree = "<group>";
		};
/* End PBXVariantGroup section */

/* Begin XCBuildConfiguration section */
		1B9BE6802B716C4800EA92A5 /* Debug */ = {
			isa = XCBuildConfiguration;
			buildSettings = {
				ALWAYS_SEARCH_USER_PATHS = NO;
				ASSETCATALOG_COMPILER_GENERATE_SWIFT_ASSET_SYMBOL_EXTENSIONS = YES;
				CLANG_ANALYZER_NONNULL = YES;
				CLANG_ANALYZER_NUMBER_OBJECT_CONVERSION = YES_AGGRESSIVE;
				CLANG_CXX_LANGUAGE_STANDARD = "gnu++20";
				CLANG_ENABLE_MODULES = YES;
				CLANG_ENABLE_OBJC_ARC = YES;
				CLANG_ENABLE_OBJC_WEAK = YES;
				CLANG_WARN_BLOCK_CAPTURE_AUTORELEASING = YES;
				CLANG_WARN_BOOL_CONVERSION = YES;
				CLANG_WARN_COMMA = YES;
				CLANG_WARN_CONSTANT_CONVERSION = YES;
				CLANG_WARN_DEPRECATED_OBJC_IMPLEMENTATIONS = YES;
				CLANG_WARN_DIRECT_OBJC_ISA_USAGE = YES_ERROR;
				CLANG_WARN_DOCUMENTATION_COMMENTS = YES;
				CLANG_WARN_EMPTY_BODY = YES;
				CLANG_WARN_ENUM_CONVERSION = YES;
				CLANG_WARN_INFINITE_RECURSION = YES;
				CLANG_WARN_INT_CONVERSION = YES;
				CLANG_WARN_NON_LITERAL_NULL_CONVERSION = YES;
				CLANG_WARN_OBJC_IMPLICIT_RETAIN_SELF = YES;
				CLANG_WARN_OBJC_LITERAL_CONVERSION = YES;
				CLANG_WARN_OBJC_ROOT_CLASS = YES_ERROR;
				CLANG_WARN_QUOTED_INCLUDE_IN_FRAMEWORK_HEADER = YES;
				CLANG_WARN_RANGE_LOOP_ANALYSIS = YES;
				CLANG_WARN_STRICT_PROTOTYPES = YES;
				CLANG_WARN_SUSPICIOUS_MOVE = YES;
				CLANG_WARN_UNGUARDED_AVAILABILITY = YES_AGGRESSIVE;
				CLANG_WARN_UNREACHABLE_CODE = YES;
				CLANG_WARN__DUPLICATE_METHOD_MATCH = YES;
				COPY_PHASE_STRIP = NO;
				DEBUG_INFORMATION_FORMAT = dwarf;
				ENABLE_STRICT_OBJC_MSGSEND = YES;
				ENABLE_TESTABILITY = YES;
				ENABLE_USER_SCRIPT_SANDBOXING = YES;
				GCC_C_LANGUAGE_STANDARD = gnu17;
				GCC_DYNAMIC_NO_PIC = NO;
				GCC_NO_COMMON_BLOCKS = YES;
				GCC_OPTIMIZATION_LEVEL = 0;
				GCC_PREPROCESSOR_DEFINITIONS = (
					"DEBUG=1",
					"$(inherited)",
				);
				GCC_WARN_64_TO_32_BIT_CONVERSION = YES;
				GCC_WARN_ABOUT_RETURN_TYPE = YES_ERROR;
				GCC_WARN_UNDECLARED_SELECTOR = YES;
				GCC_WARN_UNINITIALIZED_AUTOS = YES_AGGRESSIVE;
				GCC_WARN_UNUSED_FUNCTION = YES;
				GCC_WARN_UNUSED_VARIABLE = YES;
				IPHONEOS_DEPLOYMENT_TARGET = 17.2;
				LOCALIZATION_PREFERS_STRING_CATALOGS = YES;
				MTL_ENABLE_DEBUG_INFO = INCLUDE_SOURCE;
				MTL_FAST_MATH = YES;
				ONLY_ACTIVE_ARCH = YES;
				SDKROOT = iphoneos;
				SWIFT_ACTIVE_COMPILATION_CONDITIONS = "DEBUG $(inherited)";
				SWIFT_OPTIMIZATION_LEVEL = "-Onone";
			};
			name = Debug;
		};
		1B9BE6812B716C4800EA92A5 /* Release */ = {
			isa = XCBuildConfiguration;
			buildSettings = {
				ALWAYS_SEARCH_USER_PATHS = NO;
				ASSETCATALOG_COMPILER_GENERATE_SWIFT_ASSET_SYMBOL_EXTENSIONS = YES;
				CLANG_ANALYZER_NONNULL = YES;
				CLANG_ANALYZER_NUMBER_OBJECT_CONVERSION = YES_AGGRESSIVE;
				CLANG_CXX_LANGUAGE_STANDARD = "gnu++20";
				CLANG_ENABLE_MODULES = YES;
				CLANG_ENABLE_OBJC_ARC = YES;
				CLANG_ENABLE_OBJC_WEAK = YES;
				CLANG_WARN_BLOCK_CAPTURE_AUTORELEASING = YES;
				CLANG_WARN_BOOL_CONVERSION = YES;
				CLANG_WARN_COMMA = YES;
				CLANG_WARN_CONSTANT_CONVERSION = YES;
				CLANG_WARN_DEPRECATED_OBJC_IMPLEMENTATIONS = YES;
				CLANG_WARN_DIRECT_OBJC_ISA_USAGE = YES_ERROR;
				CLANG_WARN_DOCUMENTATION_COMMENTS = YES;
				CLANG_WARN_EMPTY_BODY = YES;
				CLANG_WARN_ENUM_CONVERSION = YES;
				CLANG_WARN_INFINITE_RECURSION = YES;
				CLANG_WARN_INT_CONVERSION = YES;
				CLANG_WARN_NON_LITERAL_NULL_CONVERSION = YES;
				CLANG_WARN_OBJC_IMPLICIT_RETAIN_SELF = YES;
				CLANG_WARN_OBJC_LITERAL_CONVERSION = YES;
				CLANG_WARN_OBJC_ROOT_CLASS = YES_ERROR;
				CLANG_WARN_QUOTED_INCLUDE_IN_FRAMEWORK_HEADER = YES;
				CLANG_WARN_RANGE_LOOP_ANALYSIS = YES;
				CLANG_WARN_STRICT_PROTOTYPES = YES;
				CLANG_WARN_SUSPICIOUS_MOVE = YES;
				CLANG_WARN_UNGUARDED_AVAILABILITY = YES_AGGRESSIVE;
				CLANG_WARN_UNREACHABLE_CODE = YES;
				CLANG_WARN__DUPLICATE_METHOD_MATCH = YES;
				COPY_PHASE_STRIP = NO;
				DEBUG_INFORMATION_FORMAT = "dwarf-with-dsym";
				ENABLE_NS_ASSERTIONS = NO;
				ENABLE_STRICT_OBJC_MSGSEND = YES;
				ENABLE_USER_SCRIPT_SANDBOXING = YES;
				GCC_C_LANGUAGE_STANDARD = gnu17;
				GCC_NO_COMMON_BLOCKS = YES;
				GCC_WARN_64_TO_32_BIT_CONVERSION = YES;
				GCC_WARN_ABOUT_RETURN_TYPE = YES_ERROR;
				GCC_WARN_UNDECLARED_SELECTOR = YES;
				GCC_WARN_UNINITIALIZED_AUTOS = YES_AGGRESSIVE;
				GCC_WARN_UNUSED_FUNCTION = YES;
				GCC_WARN_UNUSED_VARIABLE = YES;
				IPHONEOS_DEPLOYMENT_TARGET = 17.2;
				LOCALIZATION_PREFERS_STRING_CATALOGS = YES;
				MTL_ENABLE_DEBUG_INFO = NO;
				MTL_FAST_MATH = YES;
				SDKROOT = iphoneos;
				SWIFT_COMPILATION_MODE = wholemodule;
				VALIDATE_PRODUCT = YES;
			};
			name = Release;
		};
		1B9BE6832B716C4800EA92A5 /* Debug */ = {
			isa = XCBuildConfiguration;
			buildSettings = {
				ASSETCATALOG_COMPILER_APPICON_NAME = AppIcon;
				ASSETCATALOG_COMPILER_GLOBAL_ACCENT_COLOR_NAME = AccentColor;
				CODE_SIGN_STYLE = Automatic;
				CURRENT_PROJECT_VERSION = 1;
				DEVELOPMENT_TEAM = "";
				GENERATE_INFOPLIST_FILE = YES;
				INFOPLIST_FILE = Shopcy/Info.plist;
				INFOPLIST_KEY_UIApplicationSupportsIndirectInputEvents = YES;
				INFOPLIST_KEY_UILaunchStoryboardName = LaunchScreen;
				INFOPLIST_KEY_UIMainStoryboardFile = Main;
				INFOPLIST_KEY_UISupportedInterfaceOrientations_iPad = "UIInterfaceOrientationPortrait UIInterfaceOrientationPortraitUpsideDown UIInterfaceOrientationLandscapeLeft UIInterfaceOrientationLandscapeRight";
				INFOPLIST_KEY_UISupportedInterfaceOrientations_iPhone = "UIInterfaceOrientationPortrait UIInterfaceOrientationLandscapeLeft UIInterfaceOrientationLandscapeRight";
				LD_RUNPATH_SEARCH_PATHS = (
					"$(inherited)",
					"@executable_path/Frameworks",
				);
				MARKETING_VERSION = 1.0;
				PRODUCT_BUNDLE_IDENTIFIER = edu.nwmissouri.spring24.cs44643.sec03.Shopcy;
				PRODUCT_NAME = "$(TARGET_NAME)";
				SWIFT_EMIT_LOC_STRINGS = YES;
				SWIFT_VERSION = 5.0;
				TARGETED_DEVICE_FAMILY = "1,2";
			};
			name = Debug;
		};
		1B9BE6842B716C4800EA92A5 /* Release */ = {
			isa = XCBuildConfiguration;
			buildSettings = {
				ASSETCATALOG_COMPILER_APPICON_NAME = AppIcon;
				ASSETCATALOG_COMPILER_GLOBAL_ACCENT_COLOR_NAME = AccentColor;
				CODE_SIGN_STYLE = Automatic;
				CURRENT_PROJECT_VERSION = 1;
				DEVELOPMENT_TEAM = "";
				GENERATE_INFOPLIST_FILE = YES;
				INFOPLIST_FILE = Shopcy/Info.plist;
				INFOPLIST_KEY_UIApplicationSupportsIndirectInputEvents = YES;
				INFOPLIST_KEY_UILaunchStoryboardName = LaunchScreen;
				INFOPLIST_KEY_UIMainStoryboardFile = Main;
				INFOPLIST_KEY_UISupportedInterfaceOrientations_iPad = "UIInterfaceOrientationPortrait UIInterfaceOrientationPortraitUpsideDown UIInterfaceOrientationLandscapeLeft UIInterfaceOrientationLandscapeRight";
				INFOPLIST_KEY_UISupportedInterfaceOrientations_iPhone = "UIInterfaceOrientationPortrait UIInterfaceOrientationLandscapeLeft UIInterfaceOrientationLandscapeRight";
				LD_RUNPATH_SEARCH_PATHS = (
					"$(inherited)",
					"@executable_path/Frameworks",
				);
				MARKETING_VERSION = 1.0;
				PRODUCT_BUNDLE_IDENTIFIER = edu.nwmissouri.spring24.cs44643.sec03.Shopcy;
				PRODUCT_NAME = "$(TARGET_NAME)";
				SWIFT_EMIT_LOC_STRINGS = YES;
				SWIFT_VERSION = 5.0;
				TARGETED_DEVICE_FAMILY = "1,2";
			};
			name = Release;
		};
/* End XCBuildConfiguration section */

/* Begin XCConfigurationList section */
		1B9BE6692B716C4100EA92A5 /* Build configuration list for PBXProject "Shopcy" */ = {
			isa = XCConfigurationList;
			buildConfigurations = (
				1B9BE6802B716C4800EA92A5 /* Debug */,
				1B9BE6812B716C4800EA92A5 /* Release */,
			);
			defaultConfigurationIsVisible = 0;
			defaultConfigurationName = Release;
		};
		1B9BE6822B716C4800EA92A5 /* Build configuration list for PBXNativeTarget "Shopcy" */ = {
			isa = XCConfigurationList;
			buildConfigurations = (
				1B9BE6832B716C4800EA92A5 /* Debug */,
				1B9BE6842B716C4800EA92A5 /* Release */,
			);
			defaultConfigurationIsVisible = 0;
			defaultConfigurationName = Release;
		};
/* End XCConfigurationList section */

/* Begin XCRemoteSwiftPackageReference section */
		BDF781622B9C409200E06A45 /* XCRemoteSwiftPackageReference "Alamofire" */ = {
			isa = XCRemoteSwiftPackageReference;
			repositoryURL = "https://github.com/Alamofire/Alamofire.git";
			requirement = {
				kind = upToNextMajorVersion;
				minimumVersion = 5.9.0;
			};
		};
		BDF781672B9C40F600E06A45 /* XCRemoteSwiftPackageReference "lottie-ios" */ = {
			isa = XCRemoteSwiftPackageReference;
			repositoryURL = "https://github.com/airbnb/lottie-ios.git";
			requirement = {
				kind = upToNextMajorVersion;
				minimumVersion = 4.4.1;
			};
		};
		BDF7816A2B9C415D00E06A45 /* XCRemoteSwiftPackageReference "firebase-ios-sdk" */ = {
			isa = XCRemoteSwiftPackageReference;
			repositoryURL = "https://github.com/firebase/firebase-ios-sdk";
			requirement = {
				kind = upToNextMajorVersion;
				minimumVersion = 10.22.1;
			};
		};
		BDF781A12B9C418600E06A45 /* XCRemoteSwiftPackageReference "SDWebImageSwiftUI" */ = {
			isa = XCRemoteSwiftPackageReference;
			repositoryURL = "https://github.com/SDWebImage/SDWebImageSwiftUI.git";
			requirement = {
				kind = upToNextMajorVersion;
				minimumVersion = 2.2.6;
			};
		};
/* End XCRemoteSwiftPackageReference section */

/* Begin XCSwiftPackageProductDependency section */
		BDF781632B9C409200E06A45 /* Alamofire */ = {
			isa = XCSwiftPackageProductDependency;
			package = BDF781622B9C409200E06A45 /* XCRemoteSwiftPackageReference "Alamofire" */;
			productName = Alamofire;
		};
		BDF781652B9C409200E06A45 /* AlamofireDynamic */ = {
			isa = XCSwiftPackageProductDependency;
			package = BDF781622B9C409200E06A45 /* XCRemoteSwiftPackageReference "Alamofire" */;
			productName = AlamofireDynamic;
		};
		BDF781682B9C40F600E06A45 /* Lottie */ = {
			isa = XCSwiftPackageProductDependency;
			package = BDF781672B9C40F600E06A45 /* XCRemoteSwiftPackageReference "lottie-ios" */;
			productName = Lottie;
		};
		BDF7816B2B9C415D00E06A45 /* FirebaseAnalytics */ = {
			isa = XCSwiftPackageProductDependency;
			package = BDF7816A2B9C415D00E06A45 /* XCRemoteSwiftPackageReference "firebase-ios-sdk" */;
			productName = FirebaseAnalytics;
		};
		BDF7816D2B9C415D00E06A45 /* FirebaseAnalyticsOnDeviceConversion */ = {
			isa = XCSwiftPackageProductDependency;
			package = BDF7816A2B9C415D00E06A45 /* XCRemoteSwiftPackageReference "firebase-ios-sdk" */;
			productName = FirebaseAnalyticsOnDeviceConversion;
		};
		BDF7816F2B9C415D00E06A45 /* FirebaseAnalyticsSwift */ = {
			isa = XCSwiftPackageProductDependency;
			package = BDF7816A2B9C415D00E06A45 /* XCRemoteSwiftPackageReference "firebase-ios-sdk" */;
			productName = FirebaseAnalyticsSwift;
		};
		BDF781712B9C415D00E06A45 /* FirebaseAnalyticsWithoutAdIdSupport */ = {
			isa = XCSwiftPackageProductDependency;
			package = BDF7816A2B9C415D00E06A45 /* XCRemoteSwiftPackageReference "firebase-ios-sdk" */;
			productName = FirebaseAnalyticsWithoutAdIdSupport;
		};
		BDF781732B9C415D00E06A45 /* FirebaseAppCheck */ = {
			isa = XCSwiftPackageProductDependency;
			package = BDF7816A2B9C415D00E06A45 /* XCRemoteSwiftPackageReference "firebase-ios-sdk" */;
			productName = FirebaseAppCheck;
		};
		BDF781752B9C415D00E06A45 /* FirebaseAppDistribution-Beta */ = {
			isa = XCSwiftPackageProductDependency;
			package = BDF7816A2B9C415D00E06A45 /* XCRemoteSwiftPackageReference "firebase-ios-sdk" */;
			productName = "FirebaseAppDistribution-Beta";
		};
		BDF781772B9C415D00E06A45 /* FirebaseAuth */ = {
			isa = XCSwiftPackageProductDependency;
			package = BDF7816A2B9C415D00E06A45 /* XCRemoteSwiftPackageReference "firebase-ios-sdk" */;
			productName = FirebaseAuth;
		};
		BDF781792B9C415D00E06A45 /* FirebaseAuthCombine-Community */ = {
			isa = XCSwiftPackageProductDependency;
			package = BDF7816A2B9C415D00E06A45 /* XCRemoteSwiftPackageReference "firebase-ios-sdk" */;
			productName = "FirebaseAuthCombine-Community";
		};
		BDF7817B2B9C415D00E06A45 /* FirebaseCrashlytics */ = {
			isa = XCSwiftPackageProductDependency;
			package = BDF7816A2B9C415D00E06A45 /* XCRemoteSwiftPackageReference "firebase-ios-sdk" */;
			productName = FirebaseCrashlytics;
		};
		BDF7817D2B9C415D00E06A45 /* FirebaseDatabase */ = {
			isa = XCSwiftPackageProductDependency;
			package = BDF7816A2B9C415D00E06A45 /* XCRemoteSwiftPackageReference "firebase-ios-sdk" */;
			productName = FirebaseDatabase;
		};
		BDF7817F2B9C415D00E06A45 /* FirebaseDatabaseSwift */ = {
			isa = XCSwiftPackageProductDependency;
			package = BDF7816A2B9C415D00E06A45 /* XCRemoteSwiftPackageReference "firebase-ios-sdk" */;
			productName = FirebaseDatabaseSwift;
		};
		BDF781812B9C415D00E06A45 /* FirebaseDynamicLinks */ = {
			isa = XCSwiftPackageProductDependency;
			package = BDF7816A2B9C415D00E06A45 /* XCRemoteSwiftPackageReference "firebase-ios-sdk" */;
			productName = FirebaseDynamicLinks;
		};
		BDF781832B9C415D00E06A45 /* FirebaseFirestore */ = {
			isa = XCSwiftPackageProductDependency;
			package = BDF7816A2B9C415D00E06A45 /* XCRemoteSwiftPackageReference "firebase-ios-sdk" */;
			productName = FirebaseFirestore;
		};
		BDF781852B9C415D00E06A45 /* FirebaseFirestoreCombine-Community */ = {
			isa = XCSwiftPackageProductDependency;
			package = BDF7816A2B9C415D00E06A45 /* XCRemoteSwiftPackageReference "firebase-ios-sdk" */;
			productName = "FirebaseFirestoreCombine-Community";
		};
		BDF781872B9C415D00E06A45 /* FirebaseFirestoreSwift */ = {
			isa = XCSwiftPackageProductDependency;
			package = BDF7816A2B9C415D00E06A45 /* XCRemoteSwiftPackageReference "firebase-ios-sdk" */;
			productName = FirebaseFirestoreSwift;
		};
		BDF781892B9C415D00E06A45 /* FirebaseFunctions */ = {
			isa = XCSwiftPackageProductDependency;
			package = BDF7816A2B9C415D00E06A45 /* XCRemoteSwiftPackageReference "firebase-ios-sdk" */;
			productName = FirebaseFunctions;
		};
		BDF7818B2B9C415D00E06A45 /* FirebaseFunctionsCombine-Community */ = {
			isa = XCSwiftPackageProductDependency;
			package = BDF7816A2B9C415D00E06A45 /* XCRemoteSwiftPackageReference "firebase-ios-sdk" */;
			productName = "FirebaseFunctionsCombine-Community";
		};
		BDF7818D2B9C415D00E06A45 /* FirebaseInAppMessaging-Beta */ = {
			isa = XCSwiftPackageProductDependency;
			package = BDF7816A2B9C415D00E06A45 /* XCRemoteSwiftPackageReference "firebase-ios-sdk" */;
			productName = "FirebaseInAppMessaging-Beta";
		};
		BDF7818F2B9C415D00E06A45 /* FirebaseInAppMessagingSwift-Beta */ = {
			isa = XCSwiftPackageProductDependency;
			package = BDF7816A2B9C415D00E06A45 /* XCRemoteSwiftPackageReference "firebase-ios-sdk" */;
			productName = "FirebaseInAppMessagingSwift-Beta";
		};
		BDF781912B9C415D00E06A45 /* FirebaseInstallations */ = {
			isa = XCSwiftPackageProductDependency;
			package = BDF7816A2B9C415D00E06A45 /* XCRemoteSwiftPackageReference "firebase-ios-sdk" */;
			productName = FirebaseInstallations;
		};
		BDF781932B9C415D00E06A45 /* FirebaseMLModelDownloader */ = {
			isa = XCSwiftPackageProductDependency;
			package = BDF7816A2B9C415D00E06A45 /* XCRemoteSwiftPackageReference "firebase-ios-sdk" */;
			productName = FirebaseMLModelDownloader;
		};
		BDF781952B9C415D00E06A45 /* FirebaseMessaging */ = {
			isa = XCSwiftPackageProductDependency;
			package = BDF7816A2B9C415D00E06A45 /* XCRemoteSwiftPackageReference "firebase-ios-sdk" */;
			productName = FirebaseMessaging;
		};
		BDF781972B9C415D00E06A45 /* FirebasePerformance */ = {
			isa = XCSwiftPackageProductDependency;
			package = BDF7816A2B9C415D00E06A45 /* XCRemoteSwiftPackageReference "firebase-ios-sdk" */;
			productName = FirebasePerformance;
		};
		BDF781992B9C415D00E06A45 /* FirebaseRemoteConfig */ = {
			isa = XCSwiftPackageProductDependency;
			package = BDF7816A2B9C415D00E06A45 /* XCRemoteSwiftPackageReference "firebase-ios-sdk" */;
			productName = FirebaseRemoteConfig;
		};
		BDF7819B2B9C415D00E06A45 /* FirebaseRemoteConfigSwift */ = {
			isa = XCSwiftPackageProductDependency;
			package = BDF7816A2B9C415D00E06A45 /* XCRemoteSwiftPackageReference "firebase-ios-sdk" */;
			productName = FirebaseRemoteConfigSwift;
		};
		BDF7819D2B9C415D00E06A45 /* FirebaseStorage */ = {
			isa = XCSwiftPackageProductDependency;
			package = BDF7816A2B9C415D00E06A45 /* XCRemoteSwiftPackageReference "firebase-ios-sdk" */;
			productName = FirebaseStorage;
		};
		BDF7819F2B9C415D00E06A45 /* FirebaseStorageCombine-Community */ = {
			isa = XCSwiftPackageProductDependency;
			package = BDF7816A2B9C415D00E06A45 /* XCRemoteSwiftPackageReference "firebase-ios-sdk" */;
			productName = "FirebaseStorageCombine-Community";
		};
		BDF781A22B9C418600E06A45 /* SDWebImageSwiftUI */ = {
			isa = XCSwiftPackageProductDependency;
			package = BDF781A12B9C418600E06A45 /* XCRemoteSwiftPackageReference "SDWebImageSwiftUI" */;
			productName = SDWebImageSwiftUI;
		};
/* End XCSwiftPackageProductDependency section */
	};
	rootObject = 1B9BE6662B716C4100EA92A5 /* Project object */;
}
